
Microsoft Visual Studio Solution File, Format Version 12.00
# Visual Studio 2013
VisualStudioVersion = 12.0.40629.0
MinimumVisualStudioVersion = 10.0.40219.1
Project("{8BC9CEB8-8B4A-11D0-8D11-00A0C91BC942}") = "snEngine", "SNEngine.vcxproj", "{87E622F8-2436-40B6-A5A6-3F5DDE14BAC5}"
	ProjectSection(ProjectDependencies) = postProject
		{C993F645-29F0-4079-ACBA-033BFED8B8F6} = {C993F645-29F0-4079-ACBA-033BFED8B8F6}
		{F3E981BD-4BA4-4538-9D21-6ACD252F4895} = {F3E981BD-4BA4-4538-9D21-6ACD252F4895}
		{342D19FA-7A64-4009-A9AD-BE781192038E} = {342D19FA-7A64-4009-A9AD-BE781192038E}
	EndProjectSection
EndProject
Project("{8BC9CEB8-8B4A-11D0-8D11-00A0C91BC942}") = "snBase", "SNBase.vcxproj", "{342D19FA-7A64-4009-A9AD-BE781192038E}"
	ProjectSection(ProjectDependencies) = postProject
		{C993F645-29F0-4079-ACBA-033BFED8B8F6} = {C993F645-29F0-4079-ACBA-033BFED8B8F6}
	EndProjectSection
EndProject
Project("{8BC9CEB8-8B4A-11D0-8D11-00A0C91BC942}") = "snExample", "SNExample.vcxproj", "{CDDE5523-2322-4C88-B4DE-C42942F2A957}"
	ProjectSection(ProjectDependencies) = postProject
		{507A9B3C-E5E6-4CEC-A99D-729D2171DF81} = {507A9B3C-E5E6-4CEC-A99D-729D2171DF81}
		{C993F645-29F0-4079-ACBA-033BFED8B8F6} = {C993F645-29F0-4079-ACBA-033BFED8B8F6}
		{F3E981BD-4BA4-4538-9D21-6ACD252F4895} = {F3E981BD-4BA4-4538-9D21-6ACD252F4895}
		{87E622F8-2436-40B6-A5A6-3F5DDE14BAC5} = {87E622F8-2436-40B6-A5A6-3F5DDE14BAC5}
		{342D19FA-7A64-4009-A9AD-BE781192038E} = {342D19FA-7A64-4009-A9AD-BE781192038E}
	EndProjectSection
EndProject
Project("{8BC9CEB8-8B4A-11D0-8D11-00A0C91BC942}") = "snAux", "SNAux.vcxproj", "{C993F645-29F0-4079-ACBA-033BFED8B8F6}"
EndProject
Project("{8BC9CEB8-8B4A-11D0-8D11-00A0C91BC942}") = "sunnet", "sunnet.vcxproj", "{507A9B3C-E5E6-4CEC-A99D-729D2171DF81}"
	ProjectSection(ProjectDependencies) = postProject
		{2C7FA033-361B-4429-97E9-64F2A0A20CBE} = {2C7FA033-361B-4429-97E9-64F2A0A20CBE}
		{C993F645-29F0-4079-ACBA-033BFED8B8F6} = {C993F645-29F0-4079-ACBA-033BFED8B8F6}
		{F3E981BD-4BA4-4538-9D21-6ACD252F4895} = {F3E981BD-4BA4-4538-9D21-6ACD252F4895}
		{87E622F8-2436-40B6-A5A6-3F5DDE14BAC5} = {87E622F8-2436-40B6-A5A6-3F5DDE14BAC5}
		{342D19FA-7A64-4009-A9AD-BE781192038E} = {342D19FA-7A64-4009-A9AD-BE781192038E}
	EndProjectSection
EndProject
Project("{FAE04EC0-301F-11D3-BF4B-00C04F79EFBC}") = "snSharpClient", "snSharpClient\snSharpClient.csproj", "{6EDFE831-7D48-4811-81E9-FECDD4C4C845}"
EndProject
Project("{8BC9CEB8-8B4A-11D0-8D11-00A0C91BC942}") = "snSIMD", "snSIMD.vcxproj", "{30FAF753-DBAE-4701-B5F4-29C7FBCBF9F6}"
EndProject
Project("{8BC9CEB8-8B4A-11D0-8D11-00A0C91BC942}") = "snOperatorCPU", "snOperatorCPU.vcxproj", "{F3E981BD-4BA4-4538-9D21-6ACD252F4895}"
	ProjectSection(ProjectDependencies) = postProject
		{30FAF753-DBAE-4701-B5F4-29C7FBCBF9F6} = {30FAF753-DBAE-4701-B5F4-29C7FBCBF9F6}
	EndProjectSection
EndProject
Project("{8BC9CEB8-8B4A-11D0-8D11-00A0C91BC942}") = "snOperatorCUDA", "snOperatorCUDA.vcxproj", "{2C7FA033-361B-4429-97E9-64F2A0A20CBE}"
EndProject
Global
	GlobalSection(SolutionConfigurationPlatforms) = preSolution
		Debug|x64 = Debug|x64
		Release|x64 = Release|x64
	EndGlobalSection
	GlobalSection(ProjectConfigurationPlatforms) = postSolution
		{87E622F8-2436-40B6-A5A6-3F5DDE14BAC5}.Debug|x64.ActiveCfg = Debug|x64
		{87E622F8-2436-40B6-A5A6-3F5DDE14BAC5}.Debug|x64.Build.0 = Debug|x64
		{87E622F8-2436-40B6-A5A6-3F5DDE14BAC5}.Release|x64.ActiveCfg = Release|x64
		{87E622F8-2436-40B6-A5A6-3F5DDE14BAC5}.Release|x64.Build.0 = Release|x64
		{342D19FA-7A64-4009-A9AD-BE781192038E}.Debug|x64.ActiveCfg = Debug|x64
		{342D19FA-7A64-4009-A9AD-BE781192038E}.Debug|x64.Build.0 = Debug|x64
		{342D19FA-7A64-4009-A9AD-BE781192038E}.Release|x64.ActiveCfg = Release|x64
		{342D19FA-7A64-4009-A9AD-BE781192038E}.Release|x64.Build.0 = Release|x64
		{CDDE5523-2322-4C88-B4DE-C42942F2A957}.Debug|x64.ActiveCfg = Debug|x64
		{CDDE5523-2322-4C88-B4DE-C42942F2A957}.Debug|x64.Build.0 = Debug|x64
		{CDDE5523-2322-4C88-B4DE-C42942F2A957}.Release|x64.ActiveCfg = Release|x64
		{CDDE5523-2322-4C88-B4DE-C42942F2A957}.Release|x64.Build.0 = Release|x64
		{C993F645-29F0-4079-ACBA-033BFED8B8F6}.Debug|x64.ActiveCfg = Debug|x64
		{C993F645-29F0-4079-ACBA-033BFED8B8F6}.Debug|x64.Build.0 = Debug|x64
		{C993F645-29F0-4079-ACBA-033BFED8B8F6}.Release|x64.ActiveCfg = Release|x64
		{C993F645-29F0-4079-ACBA-033BFED8B8F6}.Release|x64.Build.0 = Release|x64
		{507A9B3C-E5E6-4CEC-A99D-729D2171DF81}.Debug|x64.ActiveCfg = Debug|x64
		{507A9B3C-E5E6-4CEC-A99D-729D2171DF81}.Debug|x64.Build.0 = Debug|x64
		{507A9B3C-E5E6-4CEC-A99D-729D2171DF81}.Release|x64.ActiveCfg = Release|x64
		{507A9B3C-E5E6-4CEC-A99D-729D2171DF81}.Release|x64.Build.0 = Release|x64
		{6EDFE831-7D48-4811-81E9-FECDD4C4C845}.Debug|x64.ActiveCfg = Debug|Any CPU
		{6EDFE831-7D48-4811-81E9-FECDD4C4C845}.Debug|x64.Build.0 = Debug|Any CPU
		{6EDFE831-7D48-4811-81E9-FECDD4C4C845}.Release|x64.ActiveCfg = Release|Any CPU
		{30FAF753-DBAE-4701-B5F4-29C7FBCBF9F6}.Debug|x64.ActiveCfg = Debug|x64
		{30FAF753-DBAE-4701-B5F4-29C7FBCBF9F6}.Debug|x64.Build.0 = Debug|x64
		{30FAF753-DBAE-4701-B5F4-29C7FBCBF9F6}.Release|x64.ActiveCfg = Release|x64
		{30FAF753-DBAE-4701-B5F4-29C7FBCBF9F6}.Release|x64.Build.0 = Release|x64
		{F3E981BD-4BA4-4538-9D21-6ACD252F4895}.Debug|x64.ActiveCfg = Debug|x64
		{F3E981BD-4BA4-4538-9D21-6ACD252F4895}.Debug|x64.Build.0 = Debug|x64
		{F3E981BD-4BA4-4538-9D21-6ACD252F4895}.Release|x64.ActiveCfg = Release|x64
		{F3E981BD-4BA4-4538-9D21-6ACD252F4895}.Release|x64.Build.0 = Release|x64
		{2C7FA033-361B-4429-97E9-64F2A0A20CBE}.Debug|x64.ActiveCfg = Debug|x64
		{2C7FA033-361B-4429-97E9-64F2A0A20CBE}.Debug|x64.Build.0 = Debug|x64
		{2C7FA033-361B-4429-97E9-64F2A0A20CBE}.Release|x64.ActiveCfg = Release|x64
		{2C7FA033-361B-4429-97E9-64F2A0A20CBE}.Release|x64.Build.0 = Release|x64
	EndGlobalSection
	GlobalSection(SolutionProperties) = preSolution
		HideSolutionNode = FALSE
	EndGlobalSection
EndGlobal
